
Microsoft Visual Studio Solution File, Format Version 12.00
# Visual Studio Version 17
VisualStudioVersion = 17.5.33516.290
MinimumVisualStudioVersion = 10.0.40219.1
Project("{FAE04EC0-301F-11D3-BF4B-00C04F79EFBC}") = "WpfSunnyUI", "WpfSunnyUI.csproj", "{9AED3A8E-D4F5-4467-83C3-1146013996DE}"
	ProjectSection(ProjectDependencies) = postProject
		{4747C036-97FB-43BD-94FF-49FC4EDB7180} = {4747C036-97FB-43BD-94FF-49FC4EDB7180}
	EndProjectSection
EndProject
Project("{FAE04EC0-301F-11D3-BF4B-00C04F79EFBC}") = "WpfSunnyUILibrary", "..\WpfSunnyUILibrary\WpfSunnyUILibrary.csproj", "{4747C036-97FB-43BD-94FF-49FC4EDB7180}"
EndProject
Global
	GlobalSection(SolutionConfigurationPlatforms) = preSolution
		Debug|Any CPU = Debug|Any CPU
		Release|Any CPU = Release|Any CPU
	EndGlobalSection
	GlobalSection(ProjectConfigurationPlatforms) = postSolution
		{9AED3A8E-D4F5-4467-83C3-1146013996DE}.Debug|Any CPU.ActiveCfg = Debug|Any CPU
		{9AED3A8E-D4F5-4467-83C3-1146013996DE}.Debug|Any CPU.Build.0 = Debug|Any CPU
		{9AED3A8E-D4F5-4467-83C3-1146013996DE}.Release|Any CPU.ActiveCfg = Release|Any CPU
		{9AED3A8E-D4F5-4467-83C3-1146013996DE}.Release|Any CPU.Build.0 = Release|Any CPU
		{4747C036-97FB-43BD-94FF-49FC4EDB7180}.Debug|Any CPU.ActiveCfg = Debug|Any CPU
		{4747C036-97FB-43BD-94FF-49FC4EDB7180}.Debug|Any CPU.Build.0 = Debug|Any CPU
		{4747C036-97FB-43BD-94FF-49FC4EDB7180}.Release|Any CPU.ActiveCfg = Release|Any CPU
		{4747C036-97FB-43BD-94FF-49FC4EDB7180}.Release|Any CPU.Build.0 = Release|Any CPU
	EndGlobalSection
	GlobalSection(SolutionProperties) = preSolution
		HideSolutionNode = FALSE
	EndGlobalSection
	GlobalSection(ExtensibilityGlobals) = postSolution
		SolutionGuid = {949F9456-1202-4534-9DB8-1E1D3B0713B5}
	EndGlobalSection
EndGlobal
