
Microsoft Visual Studio Solution File, Format Version 12.00
# Visual Studio Version 16
VisualStudioVersion = 16.0.32002.261
MinimumVisualStudioVersion = 10.0.40219.1
Project("{FAE04EC0-301F-11D3-BF4B-00C04F79EFBC}") = "SFServer", "SFServer.csproj", "{ED616694-B39D-419C-B6A6-8D1EF8979958}"
EndProject
Global
	GlobalSection(SolutionConfigurationPlatforms) = preSolution
		Debug|Any CPU = Debug|Any CPU
		Release|Any CPU = Release|Any CPU
	EndGlobalSection
	GlobalSection(ProjectConfigurationPlatforms) = postSolution
		{ED616694-B39D-419C-B6A6-8D1EF8979958}.Debug|Any CPU.ActiveCfg = Debug|Any CPU
		{ED616694-B39D-419C-B6A6-8D1EF8979958}.Debug|Any CPU.Build.0 = Debug|Any CPU
		{ED616694-B39D-419C-B6A6-8D1EF8979958}.Release|Any CPU.ActiveCfg = Release|Any CPU
		{ED616694-B39D-419C-B6A6-8D1EF8979958}.Release|Any CPU.Build.0 = Release|Any CPU
	EndGlobalSection
	GlobalSection(SolutionProperties) = preSolution
		HideSolutionNode = FALSE
	EndGlobalSection
	GlobalSection(ExtensibilityGlobals) = postSolution
		SolutionGuid = {0EA4AEE5-6C95-4A4B-B91B-DAD01083D9B5}
	EndGlobalSection
EndGlobal
